PODS:
  - Alamofire (4.7.3)
  - Chrysan (1.4.0)
  - HandyJSON (4.2.0)
  - Kingfisher (4.10.0)
  - SnapKit (4.0.1)

DEPENDENCIES:
  - Alamofire
  - Chrysan
  - HandyJSON
  - Kingfisher
  - SnapKit

SPEC REPOS:
  https://github.com/CocoaPods/Specs.git:
    - Alamofire
    - Chrysan
    - HandyJSON
    - Kingfisher
    - SnapKit

SPEC CHECKSUMS:
  Alamofire: c7287b6e5d7da964a70935e5db17046b7fde6568
  Chrysan: 14c23bd647d5adaef5e3cd796dd5c51d2f7b451f
  HandyJSON: 9dfc026c7d7adc1f0f8ba8b181495f0e0763b0f4
  Kingfisher: 43c4b802d8b5256cf1f4379e9cd10b329be6d3e2
  SnapKit: 0de968a9fec17499afa29683b05d0c775b6d1c29

PODFILE CHECKSUM: 808b25e06ca15a984b815d8dc093549cc239766b

COCOAPODS: 1.5.0
